// !$*UTF8*$!
{
	archiveVersion = 1;
	classes = {
	};
	objectVersion = 54;
	objects = {

/* Begin PBXBuildFile section */
		00E356F31AD99517003FC87E /* KisanSamuhTests.m in Sources */ = {isa = PBXBuildFile; fileRef = 00E356F21AD99517003FC87E /* KisanSamuhTests.m */; };
		0C80B921A6F3F58F76C31292 /* libPods-KisanSamuh.a in Frameworks */ = {isa = PBXBuildFile; fileRef = 5DCACB8F33CDC322A6C60F78 /* libPods-KisanSamuh.a */; };
		13B07FBC1A68108700A75B9A /* AppDelegate.mm in Sources */ = {isa = PBXBuildFile; fileRef = 13B07FB01A68108700A75B9A /* AppDelegate.mm */; };
		13B07FBF1A68108700A75B9A /* Images.xcassets in Resources */ = {isa = PBXBuildFile; fileRef = 13B07FB51A68108700A75B9A /* Images.xcassets */; };
		13B07FC11A68108700A75B9A /* main.m in Sources */ = {isa = PBXBuildFile; fileRef = 13B07FB71A68108700A75B9A /* main.m */; };
		7699B88040F8A987B510C191 /* libPods-KisanSamuh-KisanSamuhTests.a in Frameworks */ = {isa = PBXBuildFile; fileRef = 19F6CBCC0A4E27FBF8BF4A61 /* libPods-KisanSamuh-KisanSamuhTests.a */; };
		81AB9BB82411601600AC10FF /* LaunchScreen.storyboard in Resources */ = {isa = PBXBuildFile; fileRef = 81AB9BB72411601600AC10FF /* LaunchScreen.storyboard */; };
		A8191C320C3843168B51E9DB /* Poppins-Black.ttf in Resources */ = {isa = PBXBuildFile; fileRef = 6F1E6262FBEA462FA9A04986 /* Poppins-Black.ttf */; };
		D21B8DFFA13042E6B8533B73 /* Poppins-Bold.ttf in Resources */ = {isa = PBXBuildFile; fileRef = 42B73689B8104EECA819C14C /* Poppins-Bold.ttf */; };
		BBB31E1ECD15419B9A6FBAA0 /* Poppins-ExtraBold.ttf in Resources */ = {isa = PBXBuildFile; fileRef = 70F709D82D0D4678A8DA4076 /* Poppins-ExtraBold.ttf */; };
		D1C6381230454812B3582DC8 /* Poppins-ExtraLight.ttf in Resources */ = {isa = PBXBuildFile; fileRef = 90544D914C174E34A05CA58A /* Poppins-ExtraLight.ttf */; };
		E66E5D16865B459FB02AA03A /* Poppins-Light.ttf in Resources */ = {isa = PBXBuildFile; fileRef = 503BA68445654D349F6A0BBA /* Poppins-Light.ttf */; };
		7029E0A24D1548CF917F4BDD /* Poppins-Medium.ttf in Resources */ = {isa = PBXBuildFile; fileRef = FF7C3C8241A84C7B9CD0BD4A /* Poppins-Medium.ttf */; };
		E22427DC3B0C4AFA80504108 /* Poppins-Regular.ttf in Resources */ = {isa = PBXBuildFile; fileRef = E5ABC91C77864746BD91A6CC /* Poppins-Regular.ttf */; };
		D34BED7740D641DCBB324EB8 /* Poppins-SemiBold.ttf in Resources */ = {isa = PBXBuildFile; fileRef = C300E5E6B35C4C9B91CFB218 /* Poppins-SemiBold.ttf */; };
		346ED23D718F4812871A778B /* Poppins-Thin.ttf in Resources */ = {isa = PBXBuildFile; fileRef = 0399A35165414412815DD06B /* Poppins-Thin.ttf */; };
		DE5724E46398456B8A33AB11 /* nutrients_image.jpg in Resources */ = {isa = PBXBuildFile; fileRef = C9DBC735D4684C73820B5D97 /* nutrients_image.jpg */; };
		8CA4CFD72DE247BBA56E93E0 /* other_image.jpg in Resources */ = {isa = PBXBuildFile; fileRef = 89EAA17711FE4927ABBC971C /* other_image.jpg */; };
		93BD5671709F42A8A03C8C60 /* default_profile_pic.png in Resources */ = {isa = PBXBuildFile; fileRef = CA77BCDCE4A44CFDBC300C55 /* default_profile_pic.png */; };
		ACD44F462624497CA0B33641 /* fungicide.png in Resources */ = {isa = PBXBuildFile; fileRef = 7C2FA4AD1B3F43A4A483EF50 /* fungicide.png */; };
		140A20C411B64A50B6618C2B /* growth.png in Resources */ = {isa = PBXBuildFile; fileRef = 41EBE59C34BD44C48EA2F17D /* growth.png */; };
		1F5188E1737B4444AD8705B7 /* growth_.png in Resources */ = {isa = PBXBuildFile; fileRef = 0B818F1F789F4821985021F1 /* growth_.png */; };
		C4E8D91D5A9745B9BE7D0515 /* herbicide.png in Resources */ = {isa = PBXBuildFile; fileRef = F7A593F2C30646CDA95E63B1 /* herbicide.png */; };
		66D52978EC92469F9174A84C /* nutrient.png in Resources */ = {isa = PBXBuildFile; fileRef = 79F3B678BD5C41B0943AE20E /* nutrient.png */; };
		86870C4F9D384463A0738EBF /* seeds.png in Resources */ = {isa = PBXBuildFile; fileRef = 7264390EF7BF489DB1BE1740 /* seeds.png */; };
		595AFBDF058348F490CE59D5 /* insecticide.png in Resources */ = {isa = PBXBuildFile; fileRef = F6F190B2952A41948B0BE256 /* insecticide.png */; };
		8465CDB4289C4621BEFA2CFF /* pesticide.png in Resources */ = {isa = PBXBuildFile; fileRef = 92F486D2768E48CAA363C1FC /* pesticide.png */; };
		DD7C8927F6704ED5A42AA83C /* roundupimage in Resources */ = {isa = PBXBuildFile; fileRef = 75182A9446764CA9A6DD09F0 /* roundupimage */; };
		2B029DBF3B11479583AA0323 /* fmc_logo.png in Resources */ = {isa = PBXBuildFile; fileRef = 22F7FE5AE0CF47AEBD351D31 /* fmc_logo.png */; };
		B8DDA3CA93E04099B6539A2D /* jk_logo.png in Resources */ = {isa = PBXBuildFile; fileRef = B20D4B5F316B4BB28B375854 /* jk_logo.png */; };
		41071FD29B474BEC81AED8DF /* syngenta_logo.png in Resources */ = {isa = PBXBuildFile; fileRef = 89822725E6614D308FA4BA3B /* syngenta_logo.png */; };
		887A558E917546DE8E99B14C /* tractor_logo.png in Resources */ = {isa = PBXBuildFile; fileRef = 2D7E0E532B6E4CAA9935B0F8 /* tractor_logo.png */; };
		FABA6755454E41469C582CD5 /* bayer_logo.jpg in Resources */ = {isa = PBXBuildFile; fileRef = 997D0FDB72874112A6F001D4 /* bayer_logo.jpg */; };
		2C91C799BEB1459F82994A46 /* ju_logo.png in Resources */ = {isa = PBXBuildFile; fileRef = B6A8EFB5FEEC49FDB68988AA /* ju_logo.png */; };
		67FF6FF1690F474E823D3AC6 /* dhanuka_logo.png in Resources */ = {isa = PBXBuildFile; fileRef = A62CCE9BE41D498C9A9A2B6B /* dhanuka_logo.png */; };
		CEA49D876F63499496F840CE /* banner_1.jpg in Resources */ = {isa = PBXBuildFile; fileRef = 13BE2D79448C41BAABD5542E /* banner_1.jpg */; };
		615E86E35221443580384CB7 /* banner_2.jpg in Resources */ = {isa = PBXBuildFile; fileRef = AF08294D33D7497D8EAC0B2A /* banner_2.jpg */; };
		BAC82257CE0A4ACAADF8C36A /* farmer_call.jpg in Resources */ = {isa = PBXBuildFile; fileRef = 515A9A23E767462BB4582D27 /* farmer_call.jpg */; };
		10ED2AB1102D4F4DA3769D9E /* paddy.jpg in Resources */ = {isa = PBXBuildFile; fileRef = 441BF91892E641979ABDCD19 /* paddy.jpg */; };
		C468350D0C924442989B260E /* wheat.jpg in Resources */ = {isa = PBXBuildFile; fileRef = 5DC41513F70D4E1BB4B47858 /* wheat.jpg */; };
		774D1D01165849F9A4AA34FE /* sugarcane.jpg in Resources */ = {isa = PBXBuildFile; fileRef = C41567E111A84A0582F5C3C1 /* sugarcane.jpg */; };
		09867F981ED64C19988B6E31 /* icomoon.ttf in Resources */ = {isa = PBXBuildFile; fileRef = 4704BDBA7D8746EE90C5B6AE /* icomoon.ttf */; };
		F0B2F78A05AA4B5E80F4C182 /* ic_launcher.png in Resources */ = {isa = PBXBuildFile; fileRef = 7BEB719B84D34C329EBBC32E /* ic_launcher.png */; };
		B884F4E3D67C48D28B5679E5 /* launch_screen.png in Resources */ = {isa = PBXBuildFile; fileRef = B869C9D637B24E85842CF14C /* launch_screen.png */; };
		F12D2BA8D7B84F418CE04247 /* reward_coin.png in Resources */ = {isa = PBXBuildFile; fileRef = 92E60D51E23D4C9DB8BD360E /* reward_coin.png */; };
		F13B16803B1A4FF985CE2992 /* equipments.png in Resources */ = {isa = PBXBuildFile; fileRef = 334EB7123E8B45ECBB6E4166 /* equipments.png */; };
		B90F2C0E746B4B12970380F6 /* file.pdf in Resources */ = {isa = PBXBuildFile; fileRef = DAE73F3893AD4FA2AE72CFF6 /* file.pdf */; };
		5B5B819B46614925ABCFDBFE /* organic.png in Resources */ = {isa = PBXBuildFile; fileRef = 7DFA5F3E605746859C362976 /* organic.png */; };
/* End PBXBuildFile section */

/* Begin PBXContainerItemProxy section */
		00E356F41AD99517003FC87E /* PBXContainerItemProxy */ = {
			isa = PBXContainerItemProxy;
			containerPortal = 83CBB9F71A601CBA00E9B192 /* Project object */;
			proxyType = 1;
			remoteGlobalIDString = 13B07F861A680F5B00A75B9A;
			remoteInfo = KisanSamuh;
		};
/* End PBXContainerItemProxy section */

/* Begin PBXFileReference section */
		00E356EE1AD99517003FC87E /* KisanSamuhTests.xctest */ = {isa = PBXFileReference; explicitFileType = wrapper.cfbundle; includeInIndex = 0; path = KisanSamuhTests.xctest; sourceTree = BUILT_PRODUCTS_DIR; };
		00E356F11AD99517003FC87E /* Info.plist */ = {isa = PBXFileReference; lastKnownFileType = text.plist.xml; path = Info.plist; sourceTree = "<group>"; };
		00E356F21AD99517003FC87E /* KisanSamuhTests.m */ = {isa = PBXFileReference; lastKnownFileType = sourcecode.c.objc; path = KisanSamuhTests.m; sourceTree = "<group>"; };
		13B07F961A680F5B00A75B9A /* KisanSamuh.app */ = {isa = PBXFileReference; explicitFileType = wrapper.application; includeInIndex = 0; path = KisanSamuh.app; sourceTree = BUILT_PRODUCTS_DIR; };
		13B07FAF1A68108700A75B9A /* AppDelegate.h */ = {isa = PBXFileReference; fileEncoding = 4; lastKnownFileType = sourcecode.c.h; name = AppDelegate.h; path = KisanSamuh/AppDelegate.h; sourceTree = "<group>"; };
		13B07FB01A68108700A75B9A /* AppDelegate.mm */ = {isa = PBXFileReference; fileEncoding = 4; lastKnownFileType = sourcecode.cpp.objcpp; name = AppDelegate.mm; path = KisanSamuh/AppDelegate.mm; sourceTree = "<group>"; };
		13B07FB51A68108700A75B9A /* Images.xcassets */ = {isa = PBXFileReference; lastKnownFileType = folder.assetcatalog; name = Images.xcassets; path = KisanSamuh/Images.xcassets; sourceTree = "<group>"; };
		13B07FB61A68108700A75B9A /* Info.plist */ = {isa = PBXFileReference; fileEncoding = 4; lastKnownFileType = text.plist.xml; name = Info.plist; path = KisanSamuh/Info.plist; sourceTree = "<group>"; };
		13B07FB71A68108700A75B9A /* main.m */ = {isa = PBXFileReference; fileEncoding = 4; lastKnownFileType = sourcecode.c.objc; name = main.m; path = KisanSamuh/main.m; sourceTree = "<group>"; };
		13B07FB81A68108700A75B9A /* PrivacyInfo.xcprivacy */ = {isa = PBXFileReference; fileEncoding = 4; lastKnownFileType = text.plist.xml; name = PrivacyInfo.xcprivacy; path = KisanSamuh/PrivacyInfo.xcprivacy; sourceTree = "<group>"; };
		19F6CBCC0A4E27FBF8BF4A61 /* libPods-KisanSamuh-KisanSamuhTests.a */ = {isa = PBXFileReference; explicitFileType = archive.ar; includeInIndex = 0; path = "libPods-KisanSamuh-KisanSamuhTests.a"; sourceTree = BUILT_PRODUCTS_DIR; };
		3B4392A12AC88292D35C810B /* Pods-KisanSamuh.debug.xcconfig */ = {isa = PBXFileReference; includeInIndex = 1; lastKnownFileType = text.xcconfig; name = "Pods-KisanSamuh.debug.xcconfig"; path = "Target Support Files/Pods-KisanSamuh/Pods-KisanSamuh.debug.xcconfig"; sourceTree = "<group>"; };
		5709B34CF0A7D63546082F79 /* Pods-KisanSamuh.release.xcconfig */ = {isa = PBXFileReference; includeInIndex = 1; lastKnownFileType = text.xcconfig; name = "Pods-KisanSamuh.release.xcconfig"; path = "Target Support Files/Pods-KisanSamuh/Pods-KisanSamuh.release.xcconfig"; sourceTree = "<group>"; };
		5B7EB9410499542E8C5724F5 /* Pods-KisanSamuh-KisanSamuhTests.debug.xcconfig */ = {isa = PBXFileReference; includeInIndex = 1; lastKnownFileType = text.xcconfig; name = "Pods-KisanSamuh-KisanSamuhTests.debug.xcconfig"; path = "Target Support Files/Pods-KisanSamuh-KisanSamuhTests/Pods-KisanSamuh-KisanSamuhTests.debug.xcconfig"; sourceTree = "<group>"; };
		5DCACB8F33CDC322A6C60F78 /* libPods-KisanSamuh.a */ = {isa = PBXFileReference; explicitFileType = archive.ar; includeInIndex = 0; path = "libPods-KisanSamuh.a"; sourceTree = BUILT_PRODUCTS_DIR; };
		81AB9BB72411601600AC10FF /* LaunchScreen.storyboard */ = {isa = PBXFileReference; fileEncoding = 4; lastKnownFileType = file.storyboard; name = LaunchScreen.storyboard; path = KisanSamuh/LaunchScreen.storyboard; sourceTree = "<group>"; };
		89C6BE57DB24E9ADA2F236DE /* Pods-KisanSamuh-KisanSamuhTests.release.xcconfig */ = {isa = PBXFileReference; includeInIndex = 1; lastKnownFileType = text.xcconfig; name = "Pods-KisanSamuh-KisanSamuhTests.release.xcconfig"; path = "Target Support Files/Pods-KisanSamuh-KisanSamuhTests/Pods-KisanSamuh-KisanSamuhTests.release.xcconfig"; sourceTree = "<group>"; };
		ED297162215061F000B7C4FE /* JavaScriptCore.framework */ = {isa = PBXFileReference; lastKnownFileType = wrapper.framework; name = JavaScriptCore.framework; path = System/Library/Frameworks/JavaScriptCore.framework; sourceTree = SDKROOT; };
		6F1E6262FBEA462FA9A04986 /* Poppins-Black.ttf */ = {isa = PBXFileReference; name = "Poppins-Black.ttf"; path = "../src/assets/fonts/Poppins-Black.ttf"; sourceTree = "<group>"; fileEncoding = undefined; lastKnownFileType = unknown; explicitFileType = undefined; includeInIndex = 0; };
		42B73689B8104EECA819C14C /* Poppins-Bold.ttf */ = {isa = PBXFileReference; name = "Poppins-Bold.ttf"; path = "../src/assets/fonts/Poppins-Bold.ttf"; sourceTree = "<group>"; fileEncoding = undefined; lastKnownFileType = unknown; explicitFileType = undefined; includeInIndex = 0; };
		70F709D82D0D4678A8DA4076 /* Poppins-ExtraBold.ttf */ = {isa = PBXFileReference; name = "Poppins-ExtraBold.ttf"; path = "../src/assets/fonts/Poppins-ExtraBold.ttf"; sourceTree = "<group>"; fileEncoding = undefined; lastKnownFileType = unknown; explicitFileType = undefined; includeInIndex = 0; };
		90544D914C174E34A05CA58A /* Poppins-ExtraLight.ttf */ = {isa = PBXFileReference; name = "Poppins-ExtraLight.ttf"; path = "../src/assets/fonts/Poppins-ExtraLight.ttf"; sourceTree = "<group>"; fileEncoding = undefined; lastKnownFileType = unknown; explicitFileType = undefined; includeInIndex = 0; };
		503BA68445654D349F6A0BBA /* Poppins-Light.ttf */ = {isa = PBXFileReference; name = "Poppins-Light.ttf"; path = "../src/assets/fonts/Poppins-Light.ttf"; sourceTree = "<group>"; fileEncoding = undefined; lastKnownFileType = unknown; explicitFileType = undefined; includeInIndex = 0; };
		FF7C3C8241A84C7B9CD0BD4A /* Poppins-Medium.ttf */ = {isa = PBXFileReference; name = "Poppins-Medium.ttf"; path = "../src/assets/fonts/Poppins-Medium.ttf"; sourceTree = "<group>"; fileEncoding = undefined; lastKnownFileType = unknown; explicitFileType = undefined; includeInIndex = 0; };
		E5ABC91C77864746BD91A6CC /* Poppins-Regular.ttf */ = {isa = PBXFileReference; name = "Poppins-Regular.ttf"; path = "../src/assets/fonts/Poppins-Regular.ttf"; sourceTree = "<group>"; fileEncoding = undefined; lastKnownFileType = unknown; explicitFileType = undefined; includeInIndex = 0; };
		C300E5E6B35C4C9B91CFB218 /* Poppins-SemiBold.ttf */ = {isa = PBXFileReference; name = "Poppins-SemiBold.ttf"; path = "../src/assets/fonts/Poppins-SemiBold.ttf"; sourceTree = "<group>"; fileEncoding = undefined; lastKnownFileType = unknown; explicitFileType = undefined; includeInIndex = 0; };
		0399A35165414412815DD06B /* Poppins-Thin.ttf */ = {isa = PBXFileReference; name = "Poppins-Thin.ttf"; path = "../src/assets/fonts/Poppins-Thin.ttf"; sourceTree = "<group>"; fileEncoding = undefined; lastKnownFileType = unknown; explicitFileType = undefined; includeInIndex = 0; };
		C9DBC735D4684C73820B5D97 /* nutrients_image.jpg */ = {isa = PBXFileReference; name = "nutrients_image.jpg"; path = "../src/assets/Categories/nutrients_image.jpg"; sourceTree = "<group>"; fileEncoding = undefined; lastKnownFileType = unknown; explicitFileType = undefined; includeInIndex = 0; };
		89EAA17711FE4927ABBC971C /* other_image.jpg */ = {isa = PBXFileReference; name = "other_image.jpg"; path = "../src/assets/Categories/other_image.jpg"; sourceTree = "<group>"; fileEncoding = undefined; lastKnownFileType = unknown; explicitFileType = undefined; includeInIndex = 0; };
		CA77BCDCE4A44CFDBC300C55 /* default_profile_pic.png */ = {isa = PBXFileReference; name = "default_profile_pic.png"; path = "../src/assets/default_profile_pic.png"; sourceTree = "<group>"; fileEncoding = undefined; lastKnownFileType = unknown; explicitFileType = undefined; includeInIndex = 0; };
		7C2FA4AD1B3F43A4A483EF50 /* fungicide.png */ = {isa = PBXFileReference; name = "fungicide.png"; path = "../src/assets/Categories/fungicide.png"; sourceTree = "<group>"; fileEncoding = undefined; lastKnownFileType = unknown; explicitFileType = undefined; includeInIndex = 0; };
		41EBE59C34BD44C48EA2F17D /* growth.png */ = {isa = PBXFileReference; name = "growth.png"; path = "../src/assets/Categories/growth.png"; sourceTree = "<group>"; fileEncoding = undefined; lastKnownFileType = unknown; explicitFileType = undefined; includeInIndex = 0; };
		0B818F1F789F4821985021F1 /* growth_.png */ = {isa = PBXFileReference; name = "growth_.png"; path = "../src/assets/Categories/growth_.png"; sourceTree = "<group>"; fileEncoding = undefined; lastKnownFileType = unknown; explicitFileType = undefined; includeInIndex = 0; };
		F7A593F2C30646CDA95E63B1 /* herbicide.png */ = {isa = PBXFileReference; name = "herbicide.png"; path = "../src/assets/Categories/herbicide.png"; sourceTree = "<group>"; fileEncoding = undefined; lastKnownFileType = unknown; explicitFileType = undefined; includeInIndex = 0; };
		79F3B678BD5C41B0943AE20E /* nutrient.png */ = {isa = PBXFileReference; name = "nutrient.png"; path = "../src/assets/Categories/nutrient.png"; sourceTree = "<group>"; fileEncoding = undefined; lastKnownFileType = unknown; explicitFileType = undefined; includeInIndex = 0; };
		7264390EF7BF489DB1BE1740 /* seeds.png */ = {isa = PBXFileReference; name = "seeds.png"; path = "../src/assets/Categories/seeds.png"; sourceTree = "<group>"; fileEncoding = undefined; lastKnownFileType = unknown; explicitFileType = undefined; includeInIndex = 0; };
		F6F190B2952A41948B0BE256 /* insecticide.png */ = {isa = PBXFileReference; name = "insecticide.png"; path = "../src/assets/Categories/insecticide.png"; sourceTree = "<group>"; fileEncoding = undefined; lastKnownFileType = unknown; explicitFileType = undefined; includeInIndex = 0; };
		92F486D2768E48CAA363C1FC /* pesticide.png */ = {isa = PBXFileReference; name = "pesticide.png"; path = "../src/assets/Categories/pesticide.png"; sourceTree = "<group>"; fileEncoding = undefined; lastKnownFileType = unknown; explicitFileType = undefined; includeInIndex = 0; };
		75182A9446764CA9A6DD09F0 /* roundupimage */ = {isa = PBXFileReference; name = "roundupimage"; path = "../src/assets/Categories/roundupimage"; sourceTree = "<group>"; fileEncoding = undefined; lastKnownFileType = unknown; explicitFileType = undefined; includeInIndex = 0; };
		22F7FE5AE0CF47AEBD351D31 /* fmc_logo.png */ = {isa = PBXFileReference; name = "fmc_logo.png"; path = "../src/assets/Brands/fmc_logo.png"; sourceTree = "<group>"; fileEncoding = undefined; lastKnownFileType = unknown; explicitFileType = undefined; includeInIndex = 0; };
		B20D4B5F316B4BB28B375854 /* jk_logo.png */ = {isa = PBXFileReference; name = "jk_logo.png"; path = "../src/assets/Brands/jk_logo.png"; sourceTree = "<group>"; fileEncoding = undefined; lastKnownFileType = unknown; explicitFileType = undefined; includeInIndex = 0; };
		89822725E6614D308FA4BA3B /* syngenta_logo.png */ = {isa = PBXFileReference; name = "syngenta_logo.png"; path = "../src/assets/Brands/syngenta_logo.png"; sourceTree = "<group>"; fileEncoding = undefined; lastKnownFileType = unknown; explicitFileType = undefined; includeInIndex = 0; };
		2D7E0E532B6E4CAA9935B0F8 /* tractor_logo.png */ = {isa = PBXFileReference; name = "tractor_logo.png"; path = "../src/assets/Brands/tractor_logo.png"; sourceTree = "<group>"; fileEncoding = undefined; lastKnownFileType = unknown; explicitFileType = undefined; includeInIndex = 0; };
		997D0FDB72874112A6F001D4 /* bayer_logo.jpg */ = {isa = PBXFileReference; name = "bayer_logo.jpg"; path = "../src/assets/Brands/bayer_logo.jpg"; sourceTree = "<group>"; fileEncoding = undefined; lastKnownFileType = unknown; explicitFileType = undefined; includeInIndex = 0; };
		B6A8EFB5FEEC49FDB68988AA /* ju_logo.png */ = {isa = PBXFileReference; name = "ju_logo.png"; path = "../src/assets/Brands/ju_logo.png"; sourceTree = "<group>"; fileEncoding = undefined; lastKnownFileType = unknown; explicitFileType = undefined; includeInIndex = 0; };
		A62CCE9BE41D498C9A9A2B6B /* dhanuka_logo.png */ = {isa = PBXFileReference; name = "dhanuka_logo.png"; path = "../src/assets/Brands/dhanuka_logo.png"; sourceTree = "<group>"; fileEncoding = undefined; lastKnownFileType = unknown; explicitFileType = undefined; includeInIndex = 0; };
		13BE2D79448C41BAABD5542E /* banner_1.jpg */ = {isa = PBXFileReference; name = "banner_1.jpg"; path = "../src/assets/Banners/banner_1.jpg"; sourceTree = "<group>"; fileEncoding = undefined; lastKnownFileType = unknown; explicitFileType = undefined; includeInIndex = 0; };
		AF08294D33D7497D8EAC0B2A /* banner_2.jpg */ = {isa = PBXFileReference; name = "banner_2.jpg"; path = "../src/assets/Banners/banner_2.jpg"; sourceTree = "<group>"; fileEncoding = undefined; lastKnownFileType = unknown; explicitFileType = undefined; includeInIndex = 0; };
		515A9A23E767462BB4582D27 /* farmer_call.jpg */ = {isa = PBXFileReference; name = "farmer_call.jpg"; path = "../src/assets/Banners/farmer_call.jpg"; sourceTree = "<group>"; fileEncoding = undefined; lastKnownFileType = unknown; explicitFileType = undefined; includeInIndex = 0; };
		441BF91892E641979ABDCD19 /* paddy.jpg */ = {isa = PBXFileReference; name = "paddy.jpg"; path = "../src/assets/crops/paddy.jpg"; sourceTree = "<group>"; fileEncoding = undefined; lastKnownFileType = unknown; explicitFileType = undefined; includeInIndex = 0; };
		5DC41513F70D4E1BB4B47858 /* wheat.jpg */ = {isa = PBXFileReference; name = "wheat.jpg"; path = "../src/assets/crops/wheat.jpg"; sourceTree = "<group>"; fileEncoding = undefined; lastKnownFileType = unknown; explicitFileType = undefined; includeInIndex = 0; };
		C41567E111A84A0582F5C3C1 /* sugarcane.jpg */ = {isa = PBXFileReference; name = "sugarcane.jpg"; path = "../src/assets/crops/sugarcane.jpg"; sourceTree = "<group>"; fileEncoding = undefined; lastKnownFileType = unknown; explicitFileType = undefined; includeInIndex = 0; };
		4704BDBA7D8746EE90C5B6AE /* icomoon.ttf */ = {isa = PBXFileReference; name = "icomoon.ttf"; path = "../src/assets/fonts/icomoon.ttf"; sourceTree = "<group>"; fileEncoding = undefined; lastKnownFileType = unknown; explicitFileType = undefined; includeInIndex = 0; };
		7BEB719B84D34C329EBBC32E /* ic_launcher.png */ = {isa = PBXFileReference; name = "ic_launcher.png"; path = "../src/assets/android/mipmap-hdpi/ic_launcher.png"; sourceTree = "<group>"; fileEncoding = undefined; lastKnownFileType = unknown; explicitFileType = undefined; includeInIndex = 0; };
		B869C9D637B24E85842CF14C /* launch_screen.png */ = {isa = PBXFileReference; name = "launch_screen.png"; path = "../src/assets/launch_screen.png"; sourceTree = "<group>"; fileEncoding = undefined; lastKnownFileType = unknown; explicitFileType = undefined; includeInIndex = 0; };
		92E60D51E23D4C9DB8BD360E /* reward_coin.png */ = {isa = PBXFileReference; name = "reward_coin.png"; path = "../src/assets/reward_coin.png"; sourceTree = "<group>"; fileEncoding = undefined; lastKnownFileType = unknown; explicitFileType = undefined; includeInIndex = 0; };
		334EB7123E8B45ECBB6E4166 /* equipments.png */ = {isa = PBXFileReference; name = "equipments.png"; path = "../src/assets/Categories/equipments.png"; sourceTree = "<group>"; fileEncoding = undefined; lastKnownFileType = unknown; explicitFileType = undefined; includeInIndex = 0; };
		DAE73F3893AD4FA2AE72CFF6 /* file.pdf */ = {isa = PBXFileReference; name = "file.pdf"; path = "../src/assets/Categories/file.pdf"; sourceTree = "<group>"; fileEncoding = undefined; lastKnownFileType = unknown; explicitFileType = undefined; includeInIndex = 0; };
		7DFA5F3E605746859C362976 /* organic.png */ = {isa = PBXFileReference; name = "organic.png"; path = "../src/assets/Categories/organic.png"; sourceTree = "<group>"; fileEncoding = undefined; lastKnownFileType = unknown; explicitFileType = undefined; includeInIndex = 0; };
/* End PBXFileReference section */

/* Begin PBXFrameworksBuildPhase section */
		00E356EB1AD99517003FC87E /* Frameworks */ = {
			isa = PBXFrameworksBuildPhase;
			buildActionMask = 2147483647;
			files = (
				7699B88040F8A987B510C191 /* libPods-KisanSamuh-KisanSamuhTests.a in Frameworks */,
			);
			runOnlyForDeploymentPostprocessing = 0;
		};
		13B07F8C1A680F5B00A75B9A /* Frameworks */ = {
			isa = PBXFrameworksBuildPhase;
			buildActionMask = 2147483647;
			files = (
				0C80B921A6F3F58F76C31292 /* libPods-KisanSamuh.a in Frameworks */,
			);
			runOnlyForDeploymentPostprocessing = 0;
		};
/* End PBXFrameworksBuildPhase section */

/* Begin PBXGroup section */
		00E356EF1AD99517003FC87E /* KisanSamuhTests */ = {
			isa = PBXGroup;
			children = (
				00E356F21AD99517003FC87E /* KisanSamuhTests.m */,
				00E356F01AD99517003FC87E /* Supporting Files */,
			);
			path = KisanSamuhTests;
			sourceTree = "<group>";
		};
		00E356F01AD99517003FC87E /* Supporting Files */ = {
			isa = PBXGroup;
			children = (
				00E356F11AD99517003FC87E /* Info.plist */,
			);
			name = "Supporting Files";
			sourceTree = "<group>";
		};
		13B07FAE1A68108700A75B9A /* KisanSamuh */ = {
			isa = PBXGroup;
			children = (
				13B07FAF1A68108700A75B9A /* AppDelegate.h */,
				13B07FB01A68108700A75B9A /* AppDelegate.mm */,
				13B07FB51A68108700A75B9A /* Images.xcassets */,
				13B07FB61A68108700A75B9A /* Info.plist */,
				81AB9BB72411601600AC10FF /* LaunchScreen.storyboard */,
				13B07FB71A68108700A75B9A /* main.m */,
				13B07FB81A68108700A75B9A /* PrivacyInfo.xcprivacy */,
			);
			name = KisanSamuh;
			sourceTree = "<group>";
		};
		2D16E6871FA4F8E400B85C8A /* Frameworks */ = {
			isa = PBXGroup;
			children = (
				ED297162215061F000B7C4FE /* JavaScriptCore.framework */,
				5DCACB8F33CDC322A6C60F78 /* libPods-KisanSamuh.a */,
				19F6CBCC0A4E27FBF8BF4A61 /* libPods-KisanSamuh-KisanSamuhTests.a */,
			);
			name = Frameworks;
			sourceTree = "<group>";
		};
		832341AE1AAA6A7D00B99B32 /* Libraries */ = {
			isa = PBXGroup;
			children = (
			);
			name = Libraries;
			sourceTree = "<group>";
		};
		83CBB9F61A601CBA00E9B192 = {
			isa = PBXGroup;
			children = (
				13B07FAE1A68108700A75B9A /* KisanSamuh */,
				832341AE1AAA6A7D00B99B32 /* Libraries */,
				00E356EF1AD99517003FC87E /* KisanSamuhTests */,
				83CBBA001A601CBA00E9B192 /* Products */,
				2D16E6871FA4F8E400B85C8A /* Frameworks */,
				BBD78D7AC51CEA395F1C20DB /* Pods */,
				20960F26826C46B782D32D28 /* Resources */,
			);
			indentWidth = 2;
			sourceTree = "<group>";
			tabWidth = 2;
			usesTabs = 0;
		};
		83CBBA001A601CBA00E9B192 /* Products */ = {
			isa = PBXGroup;
			children = (
				13B07F961A680F5B00A75B9A /* KisanSamuh.app */,
				00E356EE1AD99517003FC87E /* KisanSamuhTests.xctest */,
			);
			name = Products;
			sourceTree = "<group>";
		};
		BBD78D7AC51CEA395F1C20DB /* Pods */ = {
			isa = PBXGroup;
			children = (
				3B4392A12AC88292D35C810B /* Pods-KisanSamuh.debug.xcconfig */,
				5709B34CF0A7D63546082F79 /* Pods-KisanSamuh.release.xcconfig */,
				5B7EB9410499542E8C5724F5 /* Pods-KisanSamuh-KisanSamuhTests.debug.xcconfig */,
				89C6BE57DB24E9ADA2F236DE /* Pods-KisanSamuh-KisanSamuhTests.release.xcconfig */,
			);
			path = Pods;
			sourceTree = "<group>";
		};
		20960F26826C46B782D32D28 /* Resources */ = {
			isa = "PBXGroup";
			children = (
				6F1E6262FBEA462FA9A04986 /* Poppins-Black.ttf */,
				42B73689B8104EECA819C14C /* Poppins-Bold.ttf */,
				70F709D82D0D4678A8DA4076 /* Poppins-ExtraBold.ttf */,
				90544D914C174E34A05CA58A /* Poppins-ExtraLight.ttf */,
				503BA68445654D349F6A0BBA /* Poppins-Light.ttf */,
				FF7C3C8241A84C7B9CD0BD4A /* Poppins-Medium.ttf */,
				E5ABC91C77864746BD91A6CC /* Poppins-Regular.ttf */,
				C300E5E6B35C4C9B91CFB218 /* Poppins-SemiBold.ttf */,
				0399A35165414412815DD06B /* Poppins-Thin.ttf */,
				C9DBC735D4684C73820B5D97 /* nutrients_image.jpg */,
				89EAA17711FE4927ABBC971C /* other_image.jpg */,
				CA77BCDCE4A44CFDBC300C55 /* default_profile_pic.png */,
				7C2FA4AD1B3F43A4A483EF50 /* fungicide.png */,
				41EBE59C34BD44C48EA2F17D /* growth.png */,
				0B818F1F789F4821985021F1 /* growth_.png */,
				F7A593F2C30646CDA95E63B1 /* herbicide.png */,
				79F3B678BD5C41B0943AE20E /* nutrient.png */,
				7264390EF7BF489DB1BE1740 /* seeds.png */,
				F6F190B2952A41948B0BE256 /* insecticide.png */,
				92F486D2768E48CAA363C1FC /* pesticide.png */,
				75182A9446764CA9A6DD09F0 /* roundupimage */,
				22F7FE5AE0CF47AEBD351D31 /* fmc_logo.png */,
				B20D4B5F316B4BB28B375854 /* jk_logo.png */,
				89822725E6614D308FA4BA3B /* syngenta_logo.png */,
				2D7E0E532B6E4CAA9935B0F8 /* tractor_logo.png */,
				997D0FDB72874112A6F001D4 /* bayer_logo.jpg */,
				B6A8EFB5FEEC49FDB68988AA /* ju_logo.png */,
				A62CCE9BE41D498C9A9A2B6B /* dhanuka_logo.png */,
				13BE2D79448C41BAABD5542E /* banner_1.jpg */,
				AF08294D33D7497D8EAC0B2A /* banner_2.jpg */,
				515A9A23E767462BB4582D27 /* farmer_call.jpg */,
				441BF91892E641979ABDCD19 /* paddy.jpg */,
				5DC41513F70D4E1BB4B47858 /* wheat.jpg */,
				C41567E111A84A0582F5C3C1 /* sugarcane.jpg */,
				4704BDBA7D8746EE90C5B6AE /* icomoon.ttf */,
				7BEB719B84D34C329EBBC32E /* ic_launcher.png */,
				B869C9D637B24E85842CF14C /* launch_screen.png */,
				92E60D51E23D4C9DB8BD360E /* reward_coin.png */,
				334EB7123E8B45ECBB6E4166 /* equipments.png */,
				DAE73F3893AD4FA2AE72CFF6 /* file.pdf */,
				7DFA5F3E605746859C362976 /* organic.png */,
			);
			name = Resources;
			sourceTree = "<group>";
			path = "";
		};
/* End PBXGroup section */

/* Begin PBXNativeTarget section */
		00E356ED1AD99517003FC87E /* KisanSamuhTests */ = {
			isa = PBXNativeTarget;
			buildConfigurationList = 00E357021AD99517003FC87E /* Build configuration list for PBXNativeTarget "KisanSamuhTests" */;
			buildPhases = (
				A55EABD7B0C7F3A422A6CC61 /* [CP] Check Pods Manifest.lock */,
				00E356EA1AD99517003FC87E /* Sources */,
				00E356EB1AD99517003FC87E /* Frameworks */,
				00E356EC1AD99517003FC87E /* Resources */,
				C59DA0FBD6956966B86A3779 /* [CP] Embed Pods Frameworks */,
				F6A41C54EA430FDDC6A6ED99 /* [CP] Copy Pods Resources */,
			);
			buildRules = (
			);
			dependencies = (
				00E356F51AD99517003FC87E /* PBXTargetDependency */,
			);
			name = KisanSamuhTests;
			productName = KisanSamuhTests;
			productReference = 00E356EE1AD99517003FC87E /* KisanSamuhTests.xctest */;
			productType = "com.apple.product-type.bundle.unit-test";
		};
		13B07F861A680F5B00A75B9A /* KisanSamuh */ = {
			isa = PBXNativeTarget;
			buildConfigurationList = 13B07F931A680F5B00A75B9A /* Build configuration list for PBXNativeTarget "KisanSamuh" */;
			buildPhases = (
				C38B50BA6285516D6DCD4F65 /* [CP] Check Pods Manifest.lock */,
				13B07F871A680F5B00A75B9A /* Sources */,
				13B07F8C1A680F5B00A75B9A /* Frameworks */,
				13B07F8E1A680F5B00A75B9A /* Resources */,
				00DD1BFF1BD5951E006B06BC /* Bundle React Native code and images */,
				00EEFC60759A1932668264C0 /* [CP] Embed Pods Frameworks */,
				E235C05ADACE081382539298 /* [CP] Copy Pods Resources */,
			);
			buildRules = (
			);
			dependencies = (
			);
			name = KisanSamuh;
			productName = KisanSamuh;
			productReference = 13B07F961A680F5B00A75B9A /* KisanSamuh.app */;
			productType = "com.apple.product-type.application";
		};
/* End PBXNativeTarget section */

/* Begin PBXProject section */
		83CBB9F71A601CBA00E9B192 /* Project object */ = {
			isa = PBXProject;
			attributes = {
				LastUpgradeCheck = 1210;
				TargetAttributes = {
					00E356ED1AD99517003FC87E = {
						CreatedOnToolsVersion = 6.2;
						TestTargetID = 13B07F861A680F5B00A75B9A;
					};
					13B07F861A680F5B00A75B9A = {
						LastSwiftMigration = 1120;
					};
				};
			};
			buildConfigurationList = 83CBB9FA1A601CBA00E9B192 /* Build configuration list for PBXProject "KisanSamuh" */;
			compatibilityVersion = "Xcode 12.0";
			developmentRegion = en;
			hasScannedForEncodings = 0;
			knownRegions = (
				en,
				Base,
			);
			mainGroup = 83CBB9F61A601CBA00E9B192;
			productRefGroup = 83CBBA001A601CBA00E9B192 /* Products */;
			projectDirPath = "";
			projectRoot = "";
			targets = (
				13B07F861A680F5B00A75B9A /* KisanSamuh */,
				00E356ED1AD99517003FC87E /* KisanSamuhTests */,
			);
		};
/* End PBXProject section */

/* Begin PBXResourcesBuildPhase section */
		00E356EC1AD99517003FC87E /* Resources */ = {
			isa = PBXResourcesBuildPhase;
			buildActionMask = 2147483647;
			files = (
			);
			runOnlyForDeploymentPostprocessing = 0;
		};
		13B07F8E1A680F5B00A75B9A /* Resources */ = {
			isa = PBXResourcesBuildPhase;
			buildActionMask = 2147483647;
			files = (
				81AB9BB82411601600AC10FF /* LaunchScreen.storyboard in Resources */,
				13B07FBF1A68108700A75B9A /* Images.xcassets in Resources */,
				A8191C320C3843168B51E9DB /* Poppins-Black.ttf in Resources */,
				D21B8DFFA13042E6B8533B73 /* Poppins-Bold.ttf in Resources */,
				BBB31E1ECD15419B9A6FBAA0 /* Poppins-ExtraBold.ttf in Resources */,
				D1C6381230454812B3582DC8 /* Poppins-ExtraLight.ttf in Resources */,
				E66E5D16865B459FB02AA03A /* Poppins-Light.ttf in Resources */,
				7029E0A24D1548CF917F4BDD /* Poppins-Medium.ttf in Resources */,
				E22427DC3B0C4AFA80504108 /* Poppins-Regular.ttf in Resources */,
				D34BED7740D641DCBB324EB8 /* Poppins-SemiBold.ttf in Resources */,
				346ED23D718F4812871A778B /* Poppins-Thin.ttf in Resources */,
				DE5724E46398456B8A33AB11 /* nutrients_image.jpg in Resources */,
				8CA4CFD72DE247BBA56E93E0 /* other_image.jpg in Resources */,
				93BD5671709F42A8A03C8C60 /* default_profile_pic.png in Resources */,
				ACD44F462624497CA0B33641 /* fungicide.png in Resources */,
				140A20C411B64A50B6618C2B /* growth.png in Resources */,
				1F5188E1737B4444AD8705B7 /* growth_.png in Resources */,
				C4E8D91D5A9745B9BE7D0515 /* herbicide.png in Resources */,
				66D52978EC92469F9174A84C /* nutrient.png in Resources */,
				86870C4F9D384463A0738EBF /* seeds.png in Resources */,
				595AFBDF058348F490CE59D5 /* insecticide.png in Resources */,
				8465CDB4289C4621BEFA2CFF /* pesticide.png in Resources */,
				DD7C8927F6704ED5A42AA83C /* roundupimage in Resources */,
				2B029DBF3B11479583AA0323 /* fmc_logo.png in Resources */,
				B8DDA3CA93E04099B6539A2D /* jk_logo.png in Resources */,
				41071FD29B474BEC81AED8DF /* syngenta_logo.png in Resources */,
				887A558E917546DE8E99B14C /* tractor_logo.png in Resources */,
				FABA6755454E41469C582CD5 /* bayer_logo.jpg in Resources */,
				2C91C799BEB1459F82994A46 /* ju_logo.png in Resources */,
				67FF6FF1690F474E823D3AC6 /* dhanuka_logo.png in Resources */,
				CEA49D876F63499496F840CE /* banner_1.jpg in Resources */,
				615E86E35221443580384CB7 /* banner_2.jpg in Resources */,
				BAC82257CE0A4ACAADF8C36A /* farmer_call.jpg in Resources */,
				10ED2AB1102D4F4DA3769D9E /* paddy.jpg in Resources */,
				C468350D0C924442989B260E /* wheat.jpg in Resources */,
				774D1D01165849F9A4AA34FE /* sugarcane.jpg in Resources */,
				09867F981ED64C19988B6E31 /* icomoon.ttf in Resources */,
				F0B2F78A05AA4B5E80F4C182 /* ic_launcher.png in Resources */,
				B884F4E3D67C48D28B5679E5 /* launch_screen.png in Resources */,
				F12D2BA8D7B84F418CE04247 /* reward_coin.png in Resources */,
				F13B16803B1A4FF985CE2992 /* equipments.png in Resources */,
				B90F2C0E746B4B12970380F6 /* file.pdf in Resources */,
				5B5B819B46614925ABCFDBFE /* organic.png in Resources */,
			);
			runOnlyForDeploymentPostprocessing = 0;
		};
/* End PBXResourcesBuildPhase section */

/* Begin PBXShellScriptBuildPhase section */
		00DD1BFF1BD5951E006B06BC /* Bundle React Native code and images */ = {
			isa = PBXShellScriptBuildPhase;
			buildActionMask = 2147483647;
			files = (
			);
			inputPaths = (
				"$(SRCROOT)/.xcode.env.local",
				"$(SRCROOT)/.xcode.env",
			);
			name = "Bundle React Native code and images";
			outputPaths = (
			);
			runOnlyForDeploymentPostprocessing = 0;
			shellPath = /bin/sh;
			shellScript = "set -e\n\nWITH_ENVIRONMENT=\"$REACT_NATIVE_PATH/scripts/xcode/with-environment.sh\"\nREACT_NATIVE_XCODE=\"$REACT_NATIVE_PATH/scripts/react-native-xcode.sh\"\n\n/bin/sh -c \"$WITH_ENVIRONMENT $REACT_NATIVE_XCODE\"\n";
		};
		00EEFC60759A1932668264C0 /* [CP] Embed Pods Frameworks */ = {
			isa = PBXShellScriptBuildPhase;
			buildActionMask = 2147483647;
			files = (
			);
			inputFileListPaths = (
				"${PODS_ROOT}/Target Support Files/Pods-KisanSamuh/Pods-KisanSamuh-frameworks-${CONFIGURATION}-input-files.xcfilelist",
			);
			name = "[CP] Embed Pods Frameworks";
			outputFileListPaths = (
				"${PODS_ROOT}/Target Support Files/Pods-KisanSamuh/Pods-KisanSamuh-frameworks-${CONFIGURATION}-output-files.xcfilelist",
			);
			runOnlyForDeploymentPostprocessing = 0;
			shellPath = /bin/sh;
			shellScript = "\"${PODS_ROOT}/Target Support Files/Pods-KisanSamuh/Pods-KisanSamuh-frameworks.sh\"\n";
			showEnvVarsInLog = 0;
		};
		A55EABD7B0C7F3A422A6CC61 /* [CP] Check Pods Manifest.lock */ = {
			isa = PBXShellScriptBuildPhase;
			buildActionMask = 2147483647;
			files = (
			);
			inputFileListPaths = (
			);
			inputPaths = (
				"${PODS_PODFILE_DIR_PATH}/Podfile.lock",
				"${PODS_ROOT}/Manifest.lock",
			);
			name = "[CP] Check Pods Manifest.lock";
			outputFileListPaths = (
			);
			outputPaths = (
				"$(DERIVED_FILE_DIR)/Pods-KisanSamuh-KisanSamuhTests-checkManifestLockResult.txt",
			);
			runOnlyForDeploymentPostprocessing = 0;
			shellPath = /bin/sh;
			shellScript = "diff \"${PODS_PODFILE_DIR_PATH}/Podfile.lock\" \"${PODS_ROOT}/Manifest.lock\" > /dev/null\nif [ $? != 0 ] ; then\n    # print error to STDERR\n    echo \"error: The sandbox is not in sync with the Podfile.lock. Run 'pod install' or update your CocoaPods installation.\" >&2\n    exit 1\nfi\n# This output is used by Xcode 'outputs' to avoid re-running this script phase.\necho \"SUCCESS\" > \"${SCRIPT_OUTPUT_FILE_0}\"\n";
			showEnvVarsInLog = 0;
		};
		C38B50BA6285516D6DCD4F65 /* [CP] Check Pods Manifest.lock */ = {
			isa = PBXShellScriptBuildPhase;
			buildActionMask = 2147483647;
			files = (
			);
			inputFileListPaths = (
			);
			inputPaths = (
				"${PODS_PODFILE_DIR_PATH}/Podfile.lock",
				"${PODS_ROOT}/Manifest.lock",
			);
			name = "[CP] Check Pods Manifest.lock";
			outputFileListPaths = (
			);
			outputPaths = (
				"$(DERIVED_FILE_DIR)/Pods-KisanSamuh-checkManifestLockResult.txt",
			);
			runOnlyForDeploymentPostprocessing = 0;
			shellPath = /bin/sh;
			shellScript = "diff \"${PODS_PODFILE_DIR_PATH}/Podfile.lock\" \"${PODS_ROOT}/Manifest.lock\" > /dev/null\nif [ $? != 0 ] ; then\n    # print error to STDERR\n    echo \"error: The sandbox is not in sync with the Podfile.lock. Run 'pod install' or update your CocoaPods installation.\" >&2\n    exit 1\nfi\n# This output is used by Xcode 'outputs' to avoid re-running this script phase.\necho \"SUCCESS\" > \"${SCRIPT_OUTPUT_FILE_0}\"\n";
			showEnvVarsInLog = 0;
		};
		C59DA0FBD6956966B86A3779 /* [CP] Embed Pods Frameworks */ = {
			isa = PBXShellScriptBuildPhase;
			buildActionMask = 2147483647;
			files = (
			);
			inputFileListPaths = (
				"${PODS_ROOT}/Target Support Files/Pods-KisanSamuh-KisanSamuhTests/Pods-KisanSamuh-KisanSamuhTests-frameworks-${CONFIGURATION}-input-files.xcfilelist",
			);
			name = "[CP] Embed Pods Frameworks";
			outputFileListPaths = (
				"${PODS_ROOT}/Target Support Files/Pods-KisanSamuh-KisanSamuhTests/Pods-KisanSamuh-KisanSamuhTests-frameworks-${CONFIGURATION}-output-files.xcfilelist",
			);
			runOnlyForDeploymentPostprocessing = 0;
			shellPath = /bin/sh;
			shellScript = "\"${PODS_ROOT}/Target Support Files/Pods-KisanSamuh-KisanSamuhTests/Pods-KisanSamuh-KisanSamuhTests-frameworks.sh\"\n";
			showEnvVarsInLog = 0;
		};
		E235C05ADACE081382539298 /* [CP] Copy Pods Resources */ = {
			isa = PBXShellScriptBuildPhase;
			buildActionMask = 2147483647;
			files = (
			);
			inputFileListPaths = (
				"${PODS_ROOT}/Target Support Files/Pods-KisanSamuh/Pods-KisanSamuh-resources-${CONFIGURATION}-input-files.xcfilelist",
			);
			name = "[CP] Copy Pods Resources";
			outputFileListPaths = (
				"${PODS_ROOT}/Target Support Files/Pods-KisanSamuh/Pods-KisanSamuh-resources-${CONFIGURATION}-output-files.xcfilelist",
			);
			runOnlyForDeploymentPostprocessing = 0;
			shellPath = /bin/sh;
			shellScript = "\"${PODS_ROOT}/Target Support Files/Pods-KisanSamuh/Pods-KisanSamuh-resources.sh\"\n";
			showEnvVarsInLog = 0;
		};
		F6A41C54EA430FDDC6A6ED99 /* [CP] Copy Pods Resources */ = {
			isa = PBXShellScriptBuildPhase;
			buildActionMask = 2147483647;
			files = (
			);
			inputFileListPaths = (
				"${PODS_ROOT}/Target Support Files/Pods-KisanSamuh-KisanSamuhTests/Pods-KisanSamuh-KisanSamuhTests-resources-${CONFIGURATION}-input-files.xcfilelist",
			);
			name = "[CP] Copy Pods Resources";
			outputFileListPaths = (
				"${PODS_ROOT}/Target Support Files/Pods-KisanSamuh-KisanSamuhTests/Pods-KisanSamuh-KisanSamuhTests-resources-${CONFIGURATION}-output-files.xcfilelist",
			);
			runOnlyForDeploymentPostprocessing = 0;
			shellPath = /bin/sh;
			shellScript = "\"${PODS_ROOT}/Target Support Files/Pods-KisanSamuh-KisanSamuhTests/Pods-KisanSamuh-KisanSamuhTests-resources.sh\"\n";
			showEnvVarsInLog = 0;
		};
/* End PBXShellScriptBuildPhase section */

/* Begin PBXSourcesBuildPhase section */
		00E356EA1AD99517003FC87E /* Sources */ = {
			isa = PBXSourcesBuildPhase;
			buildActionMask = 2147483647;
			files = (
				00E356F31AD99517003FC87E /* KisanSamuhTests.m in Sources */,
			);
			runOnlyForDeploymentPostprocessing = 0;
		};
		13B07F871A680F5B00A75B9A /* Sources */ = {
			isa = PBXSourcesBuildPhase;
			buildActionMask = 2147483647;
			files = (
				13B07FBC1A68108700A75B9A /* AppDelegate.mm in Sources */,
				13B07FC11A68108700A75B9A /* main.m in Sources */,
			);
			runOnlyForDeploymentPostprocessing = 0;
		};
/* End PBXSourcesBuildPhase section */

/* Begin PBXTargetDependency section */
		00E356F51AD99517003FC87E /* PBXTargetDependency */ = {
			isa = PBXTargetDependency;
			target = 13B07F861A680F5B00A75B9A /* KisanSamuh */;
			targetProxy = 00E356F41AD99517003FC87E /* PBXContainerItemProxy */;
		};
/* End PBXTargetDependency section */

/* Begin XCBuildConfiguration section */
		00E356F61AD99517003FC87E /* Debug */ = {
			isa = XCBuildConfiguration;
			baseConfigurationReference = 5B7EB9410499542E8C5724F5 /* Pods-KisanSamuh-KisanSamuhTests.debug.xcconfig */;
			buildSettings = {
				BUNDLE_LOADER = "$(TEST_HOST)";
				GCC_PREPROCESSOR_DEFINITIONS = (
					"DEBUG=1",
					"$(inherited)",
				);
				INFOPLIST_FILE = KisanSamuhTests/Info.plist;
				IPHONEOS_DEPLOYMENT_TARGET = 13.4;
				LD_RUNPATH_SEARCH_PATHS = (
					"$(inherited)",
					"@executable_path/Frameworks",
					"@loader_path/Frameworks",
				);
				OTHER_LDFLAGS = (
					"-ObjC",
					"-lc++",
					"$(inherited)",
				);
				PRODUCT_BUNDLE_IDENTIFIER = "org.reactjs.native.example.$(PRODUCT_NAME:rfc1034identifier)";
				PRODUCT_NAME = "$(TARGET_NAME)";
				TEST_HOST = "$(BUILT_PRODUCTS_DIR)/KisanSamuh.app/KisanSamuh";
			};
			name = Debug;
		};
		00E356F71AD99517003FC87E /* Release */ = {
			isa = XCBuildConfiguration;
			baseConfigurationReference = 89C6BE57DB24E9ADA2F236DE /* Pods-KisanSamuh-KisanSamuhTests.release.xcconfig */;
			buildSettings = {
				BUNDLE_LOADER = "$(TEST_HOST)";
				COPY_PHASE_STRIP = NO;
				INFOPLIST_FILE = KisanSamuhTests/Info.plist;
				IPHONEOS_DEPLOYMENT_TARGET = 13.4;
				LD_RUNPATH_SEARCH_PATHS = (
					"$(inherited)",
					"@executable_path/Frameworks",
					"@loader_path/Frameworks",
				);
				OTHER_LDFLAGS = (
					"-ObjC",
					"-lc++",
					"$(inherited)",
				);
				PRODUCT_BUNDLE_IDENTIFIER = "org.reactjs.native.example.$(PRODUCT_NAME:rfc1034identifier)";
				PRODUCT_NAME = "$(TARGET_NAME)";
				TEST_HOST = "$(BUILT_PRODUCTS_DIR)/KisanSamuh.app/KisanSamuh";
			};
			name = Release;
		};
		13B07F941A680F5B00A75B9A /* Debug */ = {
			isa = XCBuildConfiguration;
			baseConfigurationReference = 3B4392A12AC88292D35C810B /* Pods-KisanSamuh.debug.xcconfig */;
			buildSettings = {
				ASSETCATALOG_COMPILER_APPICON_NAME = AppIcon;
				CLANG_ENABLE_MODULES = YES;
				CURRENT_PROJECT_VERSION = 1;
				ENABLE_BITCODE = NO;
				INFOPLIST_FILE = KisanSamuh/Info.plist;
				LD_RUNPATH_SEARCH_PATHS = (
					"$(inherited)",
					"@executable_path/Frameworks",
				);
				MARKETING_VERSION = 1.0;
				OTHER_LDFLAGS = (
					"$(inherited)",
					"-ObjC",
					"-lc++",
				);
				PRODUCT_BUNDLE_IDENTIFIER = "org.reactjs.native.example.$(PRODUCT_NAME:rfc1034identifier)";
				PRODUCT_NAME = KisanSamuh;
				SWIFT_OPTIMIZATION_LEVEL = "-Onone";
				SWIFT_VERSION = 5.0;
				VERSIONING_SYSTEM = "apple-generic";
			};
			name = Debug;
		};
		13B07F951A680F5B00A75B9A /* Release */ = {
			isa = XCBuildConfiguration;
			baseConfigurationReference = 5709B34CF0A7D63546082F79 /* Pods-KisanSamuh.release.xcconfig */;
			buildSettings = {
				ASSETCATALOG_COMPILER_APPICON_NAME = AppIcon;
				CLANG_ENABLE_MODULES = YES;
				CURRENT_PROJECT_VERSION = 1;
				INFOPLIST_FILE = KisanSamuh/Info.plist;
				LD_RUNPATH_SEARCH_PATHS = (
					"$(inherited)",
					"@executable_path/Frameworks",
				);
				MARKETING_VERSION = 1.0;
				OTHER_LDFLAGS = (
					"$(inherited)",
					"-ObjC",
					"-lc++",
				);
				PRODUCT_BUNDLE_IDENTIFIER = "org.reactjs.native.example.$(PRODUCT_NAME:rfc1034identifier)";
				PRODUCT_NAME = KisanSamuh;
				SWIFT_VERSION = 5.0;
				VERSIONING_SYSTEM = "apple-generic";
			};
			name = Release;
		};
		83CBBA201A601CBA00E9B192 /* Debug */ = {
			isa = XCBuildConfiguration;
			buildSettings = {
				ALWAYS_SEARCH_USER_PATHS = NO;
				CLANG_ANALYZER_LOCALIZABILITY_NONLOCALIZED = YES;
				CLANG_CXX_LANGUAGE_STANDARD = "c++20";
				CLANG_CXX_LIBRARY = "libc++";
				CLANG_ENABLE_MODULES = YES;
				CLANG_ENABLE_OBJC_ARC = YES;
				CLANG_WARN_BLOCK_CAPTURE_AUTORELEASING = YES;
				CLANG_WARN_BOOL_CONVERSION = YES;
				CLANG_WARN_COMMA = YES;
				CLANG_WARN_CONSTANT_CONVERSION = YES;
				CLANG_WARN_DEPRECATED_OBJC_IMPLEMENTATIONS = YES;
				CLANG_WARN_DIRECT_OBJC_ISA_USAGE = YES_ERROR;
				CLANG_WARN_EMPTY_BODY = YES;
				CLANG_WARN_ENUM_CONVERSION = YES;
				CLANG_WARN_INFINITE_RECURSION = YES;
				CLANG_WARN_INT_CONVERSION = YES;
				CLANG_WARN_NON_LITERAL_NULL_CONVERSION = YES;
				CLANG_WARN_OBJC_IMPLICIT_RETAIN_SELF = YES;
				CLANG_WARN_OBJC_LITERAL_CONVERSION = YES;
				CLANG_WARN_OBJC_ROOT_CLASS = YES_ERROR;
				CLANG_WARN_QUOTED_INCLUDE_IN_FRAMEWORK_HEADER = YES;
				CLANG_WARN_RANGE_LOOP_ANALYSIS = YES;
				CLANG_WARN_STRICT_PROTOTYPES = YES;
				CLANG_WARN_SUSPICIOUS_MOVE = YES;
				CLANG_WARN_UNREACHABLE_CODE = YES;
				CLANG_WARN__DUPLICATE_METHOD_MATCH = YES;
				"CODE_SIGN_IDENTITY[sdk=iphoneos*]" = "iPhone Developer";
				COPY_PHASE_STRIP = NO;
				ENABLE_STRICT_OBJC_MSGSEND = YES;
				ENABLE_TESTABILITY = YES;
				"EXCLUDED_ARCHS[sdk=iphonesimulator*]" = "";
				GCC_C_LANGUAGE_STANDARD = gnu99;
				GCC_DYNAMIC_NO_PIC = NO;
				GCC_NO_COMMON_BLOCKS = YES;
				GCC_OPTIMIZATION_LEVEL = 0;
				GCC_PREPROCESSOR_DEFINITIONS = (
					"DEBUG=1",
					"$(inherited)",
				);
				GCC_SYMBOLS_PRIVATE_EXTERN = NO;
				GCC_WARN_64_TO_32_BIT_CONVERSION = YES;
				GCC_WARN_ABOUT_RETURN_TYPE = YES_ERROR;
				GCC_WARN_UNDECLARED_SELECTOR = YES;
				GCC_WARN_UNINITIALIZED_AUTOS = YES_AGGRESSIVE;
				GCC_WARN_UNUSED_FUNCTION = YES;
				GCC_WARN_UNUSED_VARIABLE = YES;
				IPHONEOS_DEPLOYMENT_TARGET = 13.4;
				LD_RUNPATH_SEARCH_PATHS = (
					/usr/lib/swift,
					"$(inherited)",
				);
				LIBRARY_SEARCH_PATHS = (
					"\"$(SDKROOT)/usr/lib/swift\"",
					"\"$(TOOLCHAIN_DIR)/usr/lib/swift/$(PLATFORM_NAME)\"",
					"\"$(inherited)\"",
				);
				MTL_ENABLE_DEBUG_INFO = YES;
				ONLY_ACTIVE_ARCH = YES;
				OTHER_CPLUSPLUSFLAGS = (
					"$(OTHER_CFLAGS)",
					"-DFOLLY_NO_CONFIG",
					"-DFOLLY_MOBILE=1",
					"-DFOLLY_USE_LIBCPP=1",
					"-DFOLLY_CFG_NO_COROUTINES=1",
					"-DFOLLY_HAVE_CLOCK_GETTIME=1",
				);
				SDKROOT = iphoneos;
			};
			name = Debug;
		};
		83CBBA211A601CBA00E9B192 /* Release */ = {
			isa = XCBuildConfiguration;
			buildSettings = {
				ALWAYS_SEARCH_USER_PATHS = NO;
				CLANG_ANALYZER_LOCALIZABILITY_NONLOCALIZED = YES;
				CLANG_CXX_LANGUAGE_STANDARD = "c++20";
				CLANG_CXX_LIBRARY = "libc++";
				CLANG_ENABLE_MODULES = YES;
				CLANG_ENABLE_OBJC_ARC = YES;
				CLANG_WARN_BLOCK_CAPTURE_AUTORELEASING = YES;
				CLANG_WARN_BOOL_CONVERSION = YES;
				CLANG_WARN_COMMA = YES;
				CLANG_WARN_CONSTANT_CONVERSION = YES;
				CLANG_WARN_DEPRECATED_OBJC_IMPLEMENTATIONS = YES;
				CLANG_WARN_DIRECT_OBJC_ISA_USAGE = YES_ERROR;
				CLANG_WARN_EMPTY_BODY = YES;
				CLANG_WARN_ENUM_CONVERSION = YES;
				CLANG_WARN_INFINITE_RECURSION = YES;
				CLANG_WARN_INT_CONVERSION = YES;
				CLANG_WARN_NON_LITERAL_NULL_CONVERSION = YES;
				CLANG_WARN_OBJC_IMPLICIT_RETAIN_SELF = YES;
				CLANG_WARN_OBJC_LITERAL_CONVERSION = YES;
				CLANG_WARN_OBJC_ROOT_CLASS = YES_ERROR;
				CLANG_WARN_QUOTED_INCLUDE_IN_FRAMEWORK_HEADER = YES;
				CLANG_WARN_RANGE_LOOP_ANALYSIS = YES;
				CLANG_WARN_STRICT_PROTOTYPES = YES;
				CLANG_WARN_SUSPICIOUS_MOVE = YES;
				CLANG_WARN_UNREACHABLE_CODE = YES;
				CLANG_WARN__DUPLICATE_METHOD_MATCH = YES;
				"CODE_SIGN_IDENTITY[sdk=iphoneos*]" = "iPhone Developer";
				COPY_PHASE_STRIP = YES;
				ENABLE_NS_ASSERTIONS = NO;
				ENABLE_STRICT_OBJC_MSGSEND = YES;
				"EXCLUDED_ARCHS[sdk=iphonesimulator*]" = "";
				GCC_C_LANGUAGE_STANDARD = gnu99;
				GCC_NO_COMMON_BLOCKS = YES;
				GCC_WARN_64_TO_32_BIT_CONVERSION = YES;
				GCC_WARN_ABOUT_RETURN_TYPE = YES_ERROR;
				GCC_WARN_UNDECLARED_SELECTOR = YES;
				GCC_WARN_UNINITIALIZED_AUTOS = YES_AGGRESSIVE;
				GCC_WARN_UNUSED_FUNCTION = YES;
				GCC_WARN_UNUSED_VARIABLE = YES;
				IPHONEOS_DEPLOYMENT_TARGET = 13.4;
				LD_RUNPATH_SEARCH_PATHS = (
					/usr/lib/swift,
					"$(inherited)",
				);
				LIBRARY_SEARCH_PATHS = (
					"\"$(SDKROOT)/usr/lib/swift\"",
					"\"$(TOOLCHAIN_DIR)/usr/lib/swift/$(PLATFORM_NAME)\"",
					"\"$(inherited)\"",
				);
				MTL_ENABLE_DEBUG_INFO = NO;
				OTHER_CPLUSPLUSFLAGS = (
					"$(OTHER_CFLAGS)",
					"-DFOLLY_NO_CONFIG",
					"-DFOLLY_MOBILE=1",
					"-DFOLLY_USE_LIBCPP=1",
					"-DFOLLY_CFG_NO_COROUTINES=1",
					"-DFOLLY_HAVE_CLOCK_GETTIME=1",
				);
				SDKROOT = iphoneos;
				VALIDATE_PRODUCT = YES;
			};
			name = Release;
		};
/* End XCBuildConfiguration section */

/* Begin XCConfigurationList section */
		00E357021AD99517003FC87E /* Build configuration list for PBXNativeTarget "KisanSamuhTests" */ = {
			isa = XCConfigurationList;
			buildConfigurations = (
				00E356F61AD99517003FC87E /* Debug */,
				00E356F71AD99517003FC87E /* Release */,
			);
			defaultConfigurationIsVisible = 0;
			defaultConfigurationName = Release;
		};
		13B07F931A680F5B00A75B9A /* Build configuration list for PBXNativeTarget "KisanSamuh" */ = {
			isa = XCConfigurationList;
			buildConfigurations = (
				13B07F941A680F5B00A75B9A /* Debug */,
				13B07F951A680F5B00A75B9A /* Release */,
			);
			defaultConfigurationIsVisible = 0;
			defaultConfigurationName = Release;
		};
		83CBB9FA1A601CBA00E9B192 /* Build configuration list for PBXProject "KisanSamuh" */ = {
			isa = XCConfigurationList;
			buildConfigurations = (
				83CBBA201A601CBA00E9B192 /* Debug */,
				83CBBA211A601CBA00E9B192 /* Release */,
			);
			defaultConfigurationIsVisible = 0;
			defaultConfigurationName = Release;
		};
/* End XCConfigurationList section */
	};
	rootObject = 83CBB9F71A601CBA00E9B192 /* Project object */;
}
